
Microsoft Visual Studio Solution File, Format Version 12.00
# Visual Studio 14
VisualStudioVersion = 14.0.25420.1
MinimumVisualStudioVersion = 10.0.40219.1
Project("{FAE04EC0-301F-11D3-BF4B-00C04F79EFBC}") = "JahanAraShop", "JahanAraShop\JahanAraShop.csproj", "{58286346-3BB5-4158-840D-6A0BF127463E}"
EndProject
Project("{FAE04EC0-301F-11D3-BF4B-00C04F79EFBC}") = "JahanAraShop.Data", "JahanAraShop.Data\JahanAraShop.Data.csproj", "{4B7B8B0E-B34E-4772-ADA2-D561C6C30A5D}"
EndProject
Project("{FAE04EC0-301F-11D3-BF4B-00C04F79EFBC}") = "JahanAraShop.Domain", "JahanAraShop.Domain\JahanAraShop.Domain.csproj", "{5E053F22-07DE-43FA-B950-BD3D430A8DCE}"
EndProject
Project("{FAE04EC0-301F-11D3-BF4B-00C04F79EFBC}") = "JahanAraShop.Resourecs", "JahanAraShop.Resourecs\JahanAraShop.Resourecs.csproj", "{5F0B1DE4-BE73-4C0C-9FEE-1E613685B950}"
EndProject
Project("{FAE04EC0-301F-11D3-BF4B-00C04F79EFBC}") = "JahanAraShop.Services", "JahanAraShop.Services\JahanAraShop.Services.csproj", "{63F2CAF7-6B86-4F76-A5EB-F22D361716A8}"
EndProject
Global
	GlobalSection(SolutionConfigurationPlatforms) = preSolution
		Debug|Any CPU = Debug|Any CPU
		Release|Any CPU = Release|Any CPU
	EndGlobalSection
	GlobalSection(ProjectConfigurationPlatforms) = postSolution
		{58286346-3BB5-4158-840D-6A0BF127463E}.Debug|Any CPU.ActiveCfg = Debug|Any CPU
		{58286346-3BB5-4158-840D-6A0BF127463E}.Debug|Any CPU.Build.0 = Debug|Any CPU
		{58286346-3BB5-4158-840D-6A0BF127463E}.Release|Any CPU.ActiveCfg = Release|Any CPU
		{58286346-3BB5-4158-840D-6A0BF127463E}.Release|Any CPU.Build.0 = Release|Any CPU
		{4B7B8B0E-B34E-4772-ADA2-D561C6C30A5D}.Debug|Any CPU.ActiveCfg = Debug|Any CPU
		{4B7B8B0E-B34E-4772-ADA2-D561C6C30A5D}.Debug|Any CPU.Build.0 = Debug|Any CPU
		{4B7B8B0E-B34E-4772-ADA2-D561C6C30A5D}.Release|Any CPU.ActiveCfg = Release|Any CPU
		{4B7B8B0E-B34E-4772-ADA2-D561C6C30A5D}.Release|Any CPU.Build.0 = Release|Any CPU
		{5E053F22-07DE-43FA-B950-BD3D430A8DCE}.Debug|Any CPU.ActiveCfg = Debug|Any CPU
		{5E053F22-07DE-43FA-B950-BD3D430A8DCE}.Debug|Any CPU.Build.0 = Debug|Any CPU
		{5E053F22-07DE-43FA-B950-BD3D430A8DCE}.Release|Any CPU.ActiveCfg = Release|Any CPU
		{5E053F22-07DE-43FA-B950-BD3D430A8DCE}.Release|Any CPU.Build.0 = Release|Any CPU
		{5F0B1DE4-BE73-4C0C-9FEE-1E613685B950}.Debug|Any CPU.ActiveCfg = Debug|Any CPU
		{5F0B1DE4-BE73-4C0C-9FEE-1E613685B950}.Debug|Any CPU.Build.0 = Debug|Any CPU
		{5F0B1DE4-BE73-4C0C-9FEE-1E613685B950}.Release|Any CPU.ActiveCfg = Release|Any CPU
		{5F0B1DE4-BE73-4C0C-9FEE-1E613685B950}.Release|Any CPU.Build.0 = Release|Any CPU
		{63F2CAF7-6B86-4F76-A5EB-F22D361716A8}.Debug|Any CPU.ActiveCfg = Debug|Any CPU
		{63F2CAF7-6B86-4F76-A5EB-F22D361716A8}.Debug|Any CPU.Build.0 = Debug|Any CPU
		{63F2CAF7-6B86-4F76-A5EB-F22D361716A8}.Release|Any CPU.ActiveCfg = Release|Any CPU
		{63F2CAF7-6B86-4F76-A5EB-F22D361716A8}.Release|Any CPU.Build.0 = Release|Any CPU
	EndGlobalSection
	GlobalSection(SolutionProperties) = preSolution
		HideSolutionNode = FALSE
	EndGlobalSection
EndGlobal
